
Microsoft Visual Studio Solution File, Format Version 12.00
# Visual Studio Version 17
VisualStudioVersion = 17.2.32616.157
MinimumVisualStudioVersion = 10.0.40219.1
Project("{9A19103F-16F7-4668-BE54-9A1E7A4F7556}") = "CSharpHelper", "CSharpHelper\CSharpHelper.csproj", "{F3A6EF29-F7B2-4E97-9AC5-EB259E2D545D}"
EndProject
Project("{FAE04EC0-301F-11D3-BF4B-00C04F79EFBC}") = "CSharp.Functional", "..\CSharp.Functional\CSharp.Functional\CSharp.Functional.csproj", "{E321F3BC-FFFA-4985-83D1-F382B9D238EF}"
EndProject
Global
	GlobalSection(SolutionConfigurationPlatforms) = preSolution
		Debug|Any CPU = Debug|Any CPU
		Release|Any CPU = Release|Any CPU
	EndGlobalSection
	GlobalSection(ProjectConfigurationPlatforms) = postSolution
		{F3A6EF29-F7B2-4E97-9AC5-EB259E2D545D}.Debug|Any CPU.ActiveCfg = Debug|Any CPU
		{F3A6EF29-F7B2-4E97-9AC5-EB259E2D545D}.Debug|Any CPU.Build.0 = Debug|Any CPU
		{F3A6EF29-F7B2-4E97-9AC5-EB259E2D545D}.Release|Any CPU.ActiveCfg = Release|Any CPU
		{F3A6EF29-F7B2-4E97-9AC5-EB259E2D545D}.Release|Any CPU.Build.0 = Release|Any CPU
		{E321F3BC-FFFA-4985-83D1-F382B9D238EF}.Debug|Any CPU.ActiveCfg = Debug|Any CPU
		{E321F3BC-FFFA-4985-83D1-F382B9D238EF}.Debug|Any CPU.Build.0 = Debug|Any CPU
		{E321F3BC-FFFA-4985-83D1-F382B9D238EF}.Release|Any CPU.ActiveCfg = Release|Any CPU
		{E321F3BC-FFFA-4985-83D1-F382B9D238EF}.Release|Any CPU.Build.0 = Release|Any CPU
	EndGlobalSection
	GlobalSection(SolutionProperties) = preSolution
		HideSolutionNode = FALSE
	EndGlobalSection
	GlobalSection(ExtensibilityGlobals) = postSolution
		SolutionGuid = {B2536A1E-3FA5-4578-9A6B-C73279B96E77}
	EndGlobalSection
EndGlobal
